<?xml version="1.0" encoding="utf-8"?>
<Project ToolsVersion="4.0" xmlns="http://schemas.microsoft.com/developer/msbuild/2003">
  <ItemGroup>
    <Filter Include="Fichiers sources">
      <UniqueIdentifier>{4FC737F1-C7A5-4376-A066-2A32D752A2FF}</UniqueIdentifier>
      <Extensions>cpp;c;cc;cxx;def;odl;idl;hpj;bat;asm;asmx</Extensions>
    </Filter>
    <Filter Include="Fichiers d%27en-tête">
      <UniqueIdentifier>{93995380-89BD-4b04-88EB-625FBE52EBFB}</UniqueIdentifier>
      <Extensions>h;hh;hpp;hxx;hm;inl;inc;xsd</Extensions>
    </Filter>
    <Filter Include="Fichiers de ressources">
      <UniqueIdentifier>{67DA6AB6-F800-4c08-8B7A-83BB121AAD01}</UniqueIdentifier>
      <Extensions>rc;ico;cur;bmp;dlg;rc2;rct;bin;rgs;gif;jpg;jpeg;jpe;resx;tiff;tif;png;wav;mfcribbon-ms</Extensions>
    </Filter>
    <Filter Include="GestionImage">
      <UniqueIdentifier>{4060a481-59e3-4de5-a885-b475af3c54b8}</UniqueIdentifier>
    </Filter>
    <Filter Include="GestionVecteur">
      <UniqueIdentifier>{e30b2746-c62a-4278-a889-a7d417eca491}</UniqueIdentifier>
    </Filter>
    <Filter Include="GestionTexte">
      <UniqueIdentifier>{6fef46cc-8fbf-4eaf-854e-8846e7e7bd9d}</UniqueIdentifier>
    </Filter>
  </ItemGroup>
  <ItemGroup>
    <Text Include="ReadMe.txt" />
  </ItemGroup>
  <ItemGroup>
    <ClInclude Include="stdafx.h">
      <Filter>Fichiers d%27en-tête</Filter>
    </ClInclude>
    <ClInclude Include="targetver.h">
      <Filter>Fichiers d%27en-tête</Filter>
    </ClInclude>
    <ClInclude Include="GestionImage.h">
      <Filter>GestionImage</Filter>
    </ClInclude>
    <ClInclude Include="GestionVecteur.h">
      <Filter>GestionVecteur</Filter>
    </ClInclude>
    <ClInclude Include="GestionTexte.h">
      <Filter>GestionTexte</Filter>
    </ClInclude>
  </ItemGroup>
  <ItemGroup>
    <ClCompile Include="TestCSFML.c">
      <Filter>Fichiers sources</Filter>
    </ClCompile>
    <ClCompile Include="stdafx.c">
      <Filter>Fichiers sources</Filter>
    </ClCompile>
    <ClCompile Include="GestionImage.c">
      <Filter>GestionImage</Filter>
    </ClCompile>
    <ClCompile Include="GestionVecteur.c">
      <Filter>GestionVecteur</Filter>
    </ClCompile>
    <ClCompile Include="GestionTexte.c">
      <Filter>GestionTexte</Filter>
    </ClCompile>
  </ItemGroup>
</Project>